// !$*UTF8*$!
{
	archiveVersion = 1;
	classes = {
	};
	objectVersion = 50;
	objects = {

/* Begin PBXBuildFile section */
		BE4AC57726429A3700850E58 /* WeatherTableViewCell.swift in Sources */ = {isa = PBXBuildFile; fileRef = BE4AC57526429A3700850E58 /* WeatherTableViewCell.swift */; };
		BE4AC57826429A3700850E58 /* WeatherTableViewCell.xib in Resources */ = {isa = PBXBuildFile; fileRef = BE4AC57626429A3700850E58 /* WeatherTableViewCell.xib */; };
		BE4AC57F26429AB600850E58 /* HourlyCollectionViewCell.swift in Sources */ = {isa = PBXBuildFile; fileRef = BE4AC57D26429AB600850E58 /* HourlyCollectionViewCell.swift */; };
		BE4AC58026429AB600850E58 /* HourlyCollectionViewCell.xib in Resources */ = {isa = PBXBuildFile; fileRef = BE4AC57E26429AB600850E58 /* HourlyCollectionViewCell.xib */; };
		BE4AC58426429C9100850E58 /* Weather.swift in Sources */ = {isa = PBXBuildFile; fileRef = BE4AC58326429C9100850E58 /* Weather.swift */; };
		BE53B5DC263F43470008BC73 /* MainViewController.swift in Sources */ = {isa = PBXBuildFile; fileRef = BE53B5DB263F43470008BC73 /* MainViewController.swift */; };
		BE68AC75264333B800B09101 /* NetworkManager.swift in Sources */ = {isa = PBXBuildFile; fileRef = BE68AC74264333B800B09101 /* NetworkManager.swift */; };
		BE94FCDD26446E1F00988CCF /* API.swift in Sources */ = {isa = PBXBuildFile; fileRef = BE94FCDC26446E1F00988CCF /* API.swift */; };
		BE94FCE326446E8700988CCF /* API+Extension.swift in Sources */ = {isa = PBXBuildFile; fileRef = BE94FCE226446E8700988CCF /* API+Extension.swift */; };
		BEF2093E263F3E3300F1E757 /* AppDelegate.swift in Sources */ = {isa = PBXBuildFile; fileRef = BEF2093D263F3E3300F1E757 /* AppDelegate.swift */; };
		BEF20940263F3E3300F1E757 /* SceneDelegate.swift in Sources */ = {isa = PBXBuildFile; fileRef = BEF2093F263F3E3300F1E757 /* SceneDelegate.swift */; };
		BEF20945263F3E3300F1E757 /* Main.storyboard in Resources */ = {isa = PBXBuildFile; fileRef = BEF20943263F3E3300F1E757 /* Main.storyboard */; };
		BEF20947263F3E3E00F1E757 /* Assets.xcassets in Resources */ = {isa = PBXBuildFile; fileRef = BEF20946263F3E3E00F1E757 /* Assets.xcassets */; };
		BEF2094A263F3E3E00F1E757 /* LaunchScreen.storyboard in Resources */ = {isa = PBXBuildFile; fileRef = BEF20948263F3E3E00F1E757 /* LaunchScreen.storyboard */; };
/* End PBXBuildFile section */

/* Begin PBXFileReference section */
		BE4AC57526429A3700850E58 /* WeatherTableViewCell.swift */ = {isa = PBXFileReference; lastKnownFileType = sourcecode.swift; path = WeatherTableViewCell.swift; sourceTree = "<group>"; };
		BE4AC57626429A3700850E58 /* WeatherTableViewCell.xib */ = {isa = PBXFileReference; lastKnownFileType = file.xib; path = WeatherTableViewCell.xib; sourceTree = "<group>"; };
		BE4AC57D26429AB600850E58 /* HourlyCollectionViewCell.swift */ = {isa = PBXFileReference; lastKnownFileType = sourcecode.swift; path = HourlyCollectionViewCell.swift; sourceTree = "<group>"; };
		BE4AC57E26429AB600850E58 /* HourlyCollectionViewCell.xib */ = {isa = PBXFileReference; lastKnownFileType = file.xib; path = HourlyCollectionViewCell.xib; sourceTree = "<group>"; };
		BE4AC58326429C9100850E58 /* Weather.swift */ = {isa = PBXFileReference; lastKnownFileType = sourcecode.swift; path = Weather.swift; sourceTree = "<group>"; };
		BE53B5DB263F43470008BC73 /* MainViewController.swift */ = {isa = PBXFileReference; lastKnownFileType = sourcecode.swift; path = MainViewController.swift; sourceTree = "<group>"; };
		BE68AC74264333B800B09101 /* NetworkManager.swift */ = {isa = PBXFileReference; lastKnownFileType = sourcecode.swift; path = NetworkManager.swift; sourceTree = "<group>"; };
		BE94FCDC26446E1F00988CCF /* API.swift */ = {isa = PBXFileReference; lastKnownFileType = sourcecode.swift; path = API.swift; sourceTree = "<group>"; };
		BE94FCE226446E8700988CCF /* API+Extension.swift */ = {isa = PBXFileReference; lastKnownFileType = sourcecode.swift; path = "API+Extension.swift"; sourceTree = "<group>"; };
		BEF2093A263F3E3300F1E757 /* WheatherApp.app */ = {isa = PBXFileReference; explicitFileType = wrapper.application; includeInIndex = 0; path = WheatherApp.app; sourceTree = BUILT_PRODUCTS_DIR; };
		BEF2093D263F3E3300F1E757 /* AppDelegate.swift */ = {isa = PBXFileReference; lastKnownFileType = sourcecode.swift; path = AppDelegate.swift; sourceTree = "<group>"; };
		BEF2093F263F3E3300F1E757 /* SceneDelegate.swift */ = {isa = PBXFileReference; lastKnownFileType = sourcecode.swift; path = SceneDelegate.swift; sourceTree = "<group>"; };
		BEF20944263F3E3300F1E757 /* Base */ = {isa = PBXFileReference; lastKnownFileType = file.storyboard; name = Base; path = Base.lproj/Main.storyboard; sourceTree = "<group>"; };
		BEF20946263F3E3E00F1E757 /* Assets.xcassets */ = {isa = PBXFileReference; lastKnownFileType = folder.assetcatalog; path = Assets.xcassets; sourceTree = "<group>"; };
		BEF20949263F3E3E00F1E757 /* Base */ = {isa = PBXFileReference; lastKnownFileType = file.storyboard; name = Base; path = Base.lproj/LaunchScreen.storyboard; sourceTree = "<group>"; };
		BEF2094B263F3E3E00F1E757 /* Info.plist */ = {isa = PBXFileReference; lastKnownFileType = text.plist.xml; path = Info.plist; sourceTree = "<group>"; };
/* End PBXFileReference section */

/* Begin PBXFrameworksBuildPhase section */
		BEF20937263F3E3300F1E757 /* Frameworks */ = {
			isa = PBXFrameworksBuildPhase;
			buildActionMask = 2147483647;
			files = (
			);
			runOnlyForDeploymentPostprocessing = 0;
		};
/* End PBXFrameworksBuildPhase section */

/* Begin PBXGroup section */
		BE4AC573264299E000850E58 /* View */ = {
			isa = PBXGroup;
			children = (
				BE4AC57B26429A4800850E58 /* HourlyCell */,
				BE4AC57A26429A3D00850E58 /* WeatherCell */,
			);
			path = View;
			sourceTree = "<group>";
		};
		BE4AC57A26429A3D00850E58 /* WeatherCell */ = {
			isa = PBXGroup;
			children = (
				BE4AC57526429A3700850E58 /* WeatherTableViewCell.swift */,
				BE4AC57626429A3700850E58 /* WeatherTableViewCell.xib */,
			);
			path = WeatherCell;
			sourceTree = "<group>";
		};
		BE4AC57B26429A4800850E58 /* HourlyCell */ = {
			isa = PBXGroup;
			children = (
				BE4AC57D26429AB600850E58 /* HourlyCollectionViewCell.swift */,
				BE4AC57E26429AB600850E58 /* HourlyCollectionViewCell.xib */,
			);
			path = HourlyCell;
			sourceTree = "<group>";
		};
		BE4AC58226429C7B00850E58 /* ViewModel */ = {
			isa = PBXGroup;
			children = (
				BE4AC58326429C9100850E58 /* Weather.swift */,
			);
			path = ViewModel;
			sourceTree = "<group>";
		};
		BE53B5D7263F42B80008BC73 /* Bundle */ = {
			isa = PBXGroup;
			children = (
				BEF20946263F3E3E00F1E757 /* Assets.xcassets */,
				BEF2094B263F3E3E00F1E757 /* Info.plist */,
			);
			name = Bundle;
			sourceTree = "<group>";
		};
		BE53B5D9263F42CD0008BC73 /* Main */ = {
			isa = PBXGroup;
			children = (
				BE4AC58226429C7B00850E58 /* ViewModel */,
				BE4AC573264299E000850E58 /* View */,
				BE53B5DA263F42E40008BC73 /* ViewController */,
			);
			path = Main;
			sourceTree = "<group>";
		};
		BE53B5DA263F42E40008BC73 /* ViewController */ = {
			isa = PBXGroup;
			children = (
				BE53B5DB263F43470008BC73 /* MainViewController.swift */,
			);
			path = ViewController;
			sourceTree = "<group>";
		};
		BE53B5DF263F44DD0008BC73 /* Storyboard */ = {
			isa = PBXGroup;
			children = (
				BEF20948263F3E3E00F1E757 /* LaunchScreen.storyboard */,
				BEF20943263F3E3300F1E757 /* Main.storyboard */,
			);
			name = Storyboard;
			sourceTree = "<group>";
		};
		BE94FCE026446E5600988CCF /* Networking */ = {
			isa = PBXGroup;
			children = (
				BE68AC74264333B800B09101 /* NetworkManager.swift */,
				BE94FCDC26446E1F00988CCF /* API.swift */,
				BE94FCE226446E8700988CCF /* API+Extension.swift */,
			);
			path = Networking;
			sourceTree = "<group>";
		};
		BEF20931263F3E3300F1E757 = {
			isa = PBXGroup;
			children = (
				BEF2093C263F3E3300F1E757 /* WheatherApp */,
				BEF2093B263F3E3300F1E757 /* Products */,
			);
			sourceTree = "<group>";
		};
		BEF2093B263F3E3300F1E757 /* Products */ = {
			isa = PBXGroup;
			children = (
				BEF2093A263F3E3300F1E757 /* WheatherApp.app */,
			);
			name = Products;
			sourceTree = "<group>";
		};
		BEF2093C263F3E3300F1E757 /* WheatherApp */ = {
			isa = PBXGroup;
			children = (
				BE94FCE026446E5600988CCF /* Networking */,
				BE53B5DF263F44DD0008BC73 /* Storyboard */,
				BE53B5D9263F42CD0008BC73 /* Main */,
				BE53B5D7263F42B80008BC73 /* Bundle */,
				BEF20953263F3E9300F1E757 /* Delegates */,
			);
			path = WheatherApp;
			sourceTree = "<group>";
		};
		BEF20953263F3E9300F1E757 /* Delegates */ = {
			isa = PBXGroup;
			children = (
				BEF2093D263F3E3300F1E757 /* AppDelegate.swift */,
				BEF2093F263F3E3300F1E757 /* SceneDelegate.swift */,
			);
			name = Delegates;
			sourceTree = "<group>";
		};
/* End PBXGroup section */

/* Begin PBXNativeTarget section */
		BEF20939263F3E3300F1E757 /* WheatherApp */ = {
			isa = PBXNativeTarget;
			buildConfigurationList = BEF2094E263F3E3E00F1E757 /* Build configuration list for PBXNativeTarget "WheatherApp" */;
			buildPhases = (
				BEF20936263F3E3300F1E757 /* Sources */,
				BEF20937263F3E3300F1E757 /* Frameworks */,
				BEF20938263F3E3300F1E757 /* Resources */,
			);
			buildRules = (
			);
			dependencies = (
			);
			name = WheatherApp;
			productName = WheatherApp;
			productReference = BEF2093A263F3E3300F1E757 /* WheatherApp.app */;
			productType = "com.apple.product-type.application";
		};
/* End PBXNativeTarget section */

/* Begin PBXProject section */
		BEF20932263F3E3300F1E757 /* Project object */ = {
			isa = PBXProject;
			attributes = {
				LastSwiftUpdateCheck = 1240;
				LastUpgradeCheck = 1240;
				TargetAttributes = {
					BEF20939263F3E3300F1E757 = {
						CreatedOnToolsVersion = 12.4;
					};
				};
			};
			buildConfigurationList = BEF20935263F3E3300F1E757 /* Build configuration list for PBXProject "WheatherApp" */;
			compatibilityVersion = "Xcode 9.3";
			developmentRegion = en;
			hasScannedForEncodings = 0;
			knownRegions = (
				en,
				Base,
			);
			mainGroup = BEF20931263F3E3300F1E757;
			productRefGroup = BEF2093B263F3E3300F1E757 /* Products */;
			projectDirPath = "";
			projectRoot = "";
			targets = (
				BEF20939263F3E3300F1E757 /* WheatherApp */,
			);
		};
/* End PBXProject section */

/* Begin PBXResourcesBuildPhase section */
		BEF20938263F3E3300F1E757 /* Resources */ = {
			isa = PBXResourcesBuildPhase;
			buildActionMask = 2147483647;
			files = (
				BE4AC57826429A3700850E58 /* WeatherTableViewCell.xib in Resources */,
				BEF2094A263F3E3E00F1E757 /* LaunchScreen.storyboard in Resources */,
				BEF20947263F3E3E00F1E757 /* Assets.xcassets in Resources */,
				BEF20945263F3E3300F1E757 /* Main.storyboard in Resources */,
				BE4AC58026429AB600850E58 /* HourlyCollectionViewCell.xib in Resources */,
			);
			runOnlyForDeploymentPostprocessing = 0;
		};
/* End PBXResourcesBuildPhase section */

/* Begin PBXSourcesBuildPhase section */
		BEF20936263F3E3300F1E757 /* Sources */ = {
			isa = PBXSourcesBuildPhase;
			buildActionMask = 2147483647;
			files = (
				BE4AC57726429A3700850E58 /* WeatherTableViewCell.swift in Sources */,
				BE53B5DC263F43470008BC73 /* MainViewController.swift in Sources */,
				BEF2093E263F3E3300F1E757 /* AppDelegate.swift in Sources */,
				BE68AC75264333B800B09101 /* NetworkManager.swift in Sources */,
				BE94FCE326446E8700988CCF /* API+Extension.swift in Sources */,
				BEF20940263F3E3300F1E757 /* SceneDelegate.swift in Sources */,
				BE4AC58426429C9100850E58 /* Weather.swift in Sources */,
				BE94FCDD26446E1F00988CCF /* API.swift in Sources */,
				BE4AC57F26429AB600850E58 /* HourlyCollectionViewCell.swift in Sources */,
			);
			runOnlyForDeploymentPostprocessing = 0;
		};
/* End PBXSourcesBuildPhase section */

/* Begin PBXVariantGroup section */
		BEF20943263F3E3300F1E757 /* Main.storyboard */ = {
			isa = PBXVariantGroup;
			children = (
				BEF20944263F3E3300F1E757 /* Base */,
			);
			name = Main.storyboard;
			sourceTree = "<group>";
		};
		BEF20948263F3E3E00F1E757 /* LaunchScreen.storyboard */ = {
			isa = PBXVariantGroup;
			children = (
				BEF20949263F3E3E00F1E757 /* Base */,
			);
			name = LaunchScreen.storyboard;
			sourceTree = "<group>";
		};
/* End PBXVariantGroup section */

/* Begin XCBuildConfiguration section */
		BEF2094C263F3E3E00F1E757 /* Debug */ = {
			isa = XCBuildConfiguration;
			buildSettings = {
				ALWAYS_SEARCH_USER_PATHS = NO;
				CLANG_ANALYZER_NONNULL = YES;
				CLANG_ANALYZER_NUMBER_OBJECT_CONVERSION = YES_AGGRESSIVE;
				CLANG_CXX_LANGUAGE_STANDARD = "gnu++14";
				CLANG_CXX_LIBRARY = "libc++";
				CLANG_ENABLE_MODULES = YES;
				CLANG_ENABLE_OBJC_ARC = YES;
				CLANG_ENABLE_OBJC_WEAK = YES;
				CLANG_WARN_BLOCK_CAPTURE_AUTORELEASING = YES;
				CLANG_WARN_BOOL_CONVERSION = YES;
				CLANG_WARN_COMMA = YES;
				CLANG_WARN_CONSTANT_CONVERSION = YES;
				CLANG_WARN_DEPRECATED_OBJC_IMPLEMENTATIONS = YES;
				CLANG_WARN_DIRECT_OBJC_ISA_USAGE = YES_ERROR;
				CLANG_WARN_DOCUMENTATION_COMMENTS = YES;
				CLANG_WARN_EMPTY_BODY = YES;
				CLANG_WARN_ENUM_CONVERSION = YES;
				CLANG_WARN_INFINITE_RECURSION = YES;
				CLANG_WARN_INT_CONVERSION = YES;
				CLANG_WARN_NON_LITERAL_NULL_CONVERSION = YES;
				CLANG_WARN_OBJC_IMPLICIT_RETAIN_SELF = YES;
				CLANG_WARN_OBJC_LITERAL_CONVERSION = YES;
				CLANG_WARN_OBJC_ROOT_CLASS = YES_ERROR;
				CLANG_WARN_QUOTED_INCLUDE_IN_FRAMEWORK_HEADER = YES;
				CLANG_WARN_RANGE_LOOP_ANALYSIS = YES;
				CLANG_WARN_STRICT_PROTOTYPES = YES;
				CLANG_WARN_SUSPICIOUS_MOVE = YES;
				CLANG_WARN_UNGUARDED_AVAILABILITY = YES_AGGRESSIVE;
				CLANG_WARN_UNREACHABLE_CODE = YES;
				CLANG_WARN__DUPLICATE_METHOD_MATCH = YES;
				COPY_PHASE_STRIP = NO;
				DEBUG_INFORMATION_FORMAT = dwarf;
				ENABLE_STRICT_OBJC_MSGSEND = YES;
				ENABLE_TESTABILITY = YES;
				GCC_C_LANGUAGE_STANDARD = gnu11;
				GCC_DYNAMIC_NO_PIC = NO;
				GCC_NO_COMMON_BLOCKS = YES;
				GCC_OPTIMIZATION_LEVEL = 0;
				GCC_PREPROCESSOR_DEFINITIONS = (
					"DEBUG=1",
					"$(inherited)",
				);
				GCC_WARN_64_TO_32_BIT_CONVERSION = YES;
				GCC_WARN_ABOUT_RETURN_TYPE = YES_ERROR;
				GCC_WARN_UNDECLARED_SELECTOR = YES;
				GCC_WARN_UNINITIALIZED_AUTOS = YES_AGGRESSIVE;
				GCC_WARN_UNUSED_FUNCTION = YES;
				GCC_WARN_UNUSED_VARIABLE = YES;
				IPHONEOS_DEPLOYMENT_TARGET = 14.4;
				MTL_ENABLE_DEBUG_INFO = INCLUDE_SOURCE;
				MTL_FAST_MATH = YES;
				ONLY_ACTIVE_ARCH = YES;
				SDKROOT = iphoneos;
				SWIFT_ACTIVE_COMPILATION_CONDITIONS = DEBUG;
				SWIFT_OPTIMIZATION_LEVEL = "-Onone";
			};
			name = Debug;
		};
		BEF2094D263F3E3E00F1E757 /* Release */ = {
			isa = XCBuildConfiguration;
			buildSettings = {
				ALWAYS_SEARCH_USER_PATHS = NO;
				CLANG_ANALYZER_NONNULL = YES;
				CLANG_ANALYZER_NUMBER_OBJECT_CONVERSION = YES_AGGRESSIVE;
				CLANG_CXX_LANGUAGE_STANDARD = "gnu++14";
				CLANG_CXX_LIBRARY = "libc++";
				CLANG_ENABLE_MODULES = YES;
				CLANG_ENABLE_OBJC_ARC = YES;
				CLANG_ENABLE_OBJC_WEAK = YES;
				CLANG_WARN_BLOCK_CAPTURE_AUTORELEASING = YES;
				CLANG_WARN_BOOL_CONVERSION = YES;
				CLANG_WARN_COMMA = YES;
				CLANG_WARN_CONSTANT_CONVERSION = YES;
				CLANG_WARN_DEPRECATED_OBJC_IMPLEMENTATIONS = YES;
				CLANG_WARN_DIRECT_OBJC_ISA_USAGE = YES_ERROR;
				CLANG_WARN_DOCUMENTATION_COMMENTS = YES;
				CLANG_WARN_EMPTY_BODY = YES;
				CLANG_WARN_ENUM_CONVERSION = YES;
				CLANG_WARN_INFINITE_RECURSION = YES;
				CLANG_WARN_INT_CONVERSION = YES;
				CLANG_WARN_NON_LITERAL_NULL_CONVERSION = YES;
				CLANG_WARN_OBJC_IMPLICIT_RETAIN_SELF = YES;
				CLANG_WARN_OBJC_LITERAL_CONVERSION = YES;
				CLANG_WARN_OBJC_ROOT_CLASS = YES_ERROR;
				CLANG_WARN_QUOTED_INCLUDE_IN_FRAMEWORK_HEADER = YES;
				CLANG_WARN_RANGE_LOOP_ANALYSIS = YES;
				CLANG_WARN_STRICT_PROTOTYPES = YES;
				CLANG_WARN_SUSPICIOUS_MOVE = YES;
				CLANG_WARN_UNGUARDED_AVAILABILITY = YES_AGGRESSIVE;
				CLANG_WARN_UNREACHABLE_CODE = YES;
				CLANG_WARN__DUPLICATE_METHOD_MATCH = YES;
				COPY_PHASE_STRIP = NO;
				DEBUG_INFORMATION_FORMAT = "dwarf-with-dsym";
				ENABLE_NS_ASSERTIONS = NO;
				ENABLE_STRICT_OBJC_MSGSEND = YES;
				GCC_C_LANGUAGE_STANDARD = gnu11;
				GCC_NO_COMMON_BLOCKS = YES;
				GCC_WARN_64_TO_32_BIT_CONVERSION = YES;
				GCC_WARN_ABOUT_RETURN_TYPE = YES_ERROR;
				GCC_WARN_UNDECLARED_SELECTOR = YES;
				GCC_WARN_UNINITIALIZED_AUTOS = YES_AGGRESSIVE;
				GCC_WARN_UNUSED_FUNCTION = YES;
				GCC_WARN_UNUSED_VARIABLE = YES;
				IPHONEOS_DEPLOYMENT_TARGET = 14.4;
				MTL_ENABLE_DEBUG_INFO = NO;
				MTL_FAST_MATH = YES;
				SDKROOT = iphoneos;
				SWIFT_COMPILATION_MODE = wholemodule;
				SWIFT_OPTIMIZATION_LEVEL = "-O";
				VALIDATE_PRODUCT = YES;
			};
			name = Release;
		};
		BEF2094F263F3E3E00F1E757 /* Debug */ = {
			isa = XCBuildConfiguration;
			buildSettings = {
				ASSETCATALOG_COMPILER_APPICON_NAME = AppIcon;
				ASSETCATALOG_COMPILER_GLOBAL_ACCENT_COLOR_NAME = AccentColor;
				CODE_SIGN_STYLE = Automatic;
				DEVELOPMENT_TEAM = 2Q459GXYYZ;
				INFOPLIST_FILE = WheatherApp/Info.plist;
				LD_RUNPATH_SEARCH_PATHS = (
					"$(inherited)",
					"@executable_path/Frameworks",
				);
				PRODUCT_BUNDLE_IDENTIFIER = neha.gupta.WheatherApp;
				PRODUCT_NAME = "$(TARGET_NAME)";
				SWIFT_VERSION = 5.0;
				TARGETED_DEVICE_FAMILY = "1,2";
			};
			name = Debug;
		};
		BEF20950263F3E3E00F1E757 /* Release */ = {
			isa = XCBuildConfiguration;
			buildSettings = {
				ASSETCATALOG_COMPILER_APPICON_NAME = AppIcon;
				ASSETCATALOG_COMPILER_GLOBAL_ACCENT_COLOR_NAME = AccentColor;
				CODE_SIGN_STYLE = Automatic;
				DEVELOPMENT_TEAM = 2Q459GXYYZ;
				INFOPLIST_FILE = WheatherApp/Info.plist;
				LD_RUNPATH_SEARCH_PATHS = (
					"$(inherited)",
					"@executable_path/Frameworks",
				);
				PRODUCT_BUNDLE_IDENTIFIER = neha.gupta.WheatherApp;
				PRODUCT_NAME = "$(TARGET_NAME)";
				SWIFT_VERSION = 5.0;
				TARGETED_DEVICE_FAMILY = "1,2";
			};
			name = Release;
		};
/* End XCBuildConfiguration section */

/* Begin XCConfigurationList section */
		BEF20935263F3E3300F1E757 /* Build configuration list for PBXProject "WheatherApp" */ = {
			isa = XCConfigurationList;
			buildConfigurations = (
				BEF2094C263F3E3E00F1E757 /* Debug */,
				BEF2094D263F3E3E00F1E757 /* Release */,
			);
			defaultConfigurationIsVisible = 0;
			defaultConfigurationName = Release;
		};
		BEF2094E263F3E3E00F1E757 /* Build configuration list for PBXNativeTarget "WheatherApp" */ = {
			isa = XCConfigurationList;
			buildConfigurations = (
				BEF2094F263F3E3E00F1E757 /* Debug */,
				BEF20950263F3E3E00F1E757 /* Release */,
			);
			defaultConfigurationIsVisible = 0;
			defaultConfigurationName = Release;
		};
/* End XCConfigurationList section */
	};
	rootObject = BEF20932263F3E3300F1E757 /* Project object */;
}
